
Microsoft Visual Studio Solution File, Format Version 12.00
# Visual Studio 2013
VisualStudioVersion = 12.0.30501.0
MinimumVisualStudioVersion = 10.0.40219.1
Project("{FAE04EC0-301F-11D3-BF4B-00C04F79EFBC}") = "WimeaLibrary", "WimeaLibrary\WimeaLibrary.csproj", "{80639726-2076-43AA-A86D-222B82B164BD}"
EndProject
Project("{FAE04EC0-301F-11D3-BF4B-00C04F79EFBC}") = "WimeaApplication", "WimeaApplication\WimeaApplication.csproj", "{C2CA566C-CEB0-4B44-8C9E-B56189C7BC62}"
EndProject
Project("{54435603-DBB4-11D2-8724-00A0C9A8B90C}") = "Wimea", "Wimea\Wimea.vdproj", "{2A7F6D28-D87C-4487-853A-8FB78514D750}"
EndProject
Global
	GlobalSection(SolutionConfigurationPlatforms) = preSolution
		CD_ROM|Any CPU = CD_ROM|Any CPU
		Debug|Any CPU = Debug|Any CPU
		DVD-5|Any CPU = DVD-5|Any CPU
		Release|Any CPU = Release|Any CPU
		SingleImage|Any CPU = SingleImage|Any CPU
	EndGlobalSection
	GlobalSection(ProjectConfigurationPlatforms) = postSolution
		{80639726-2076-43AA-A86D-222B82B164BD}.CD_ROM|Any CPU.ActiveCfg = Release|Any CPU
		{80639726-2076-43AA-A86D-222B82B164BD}.CD_ROM|Any CPU.Build.0 = Release|Any CPU
		{80639726-2076-43AA-A86D-222B82B164BD}.Debug|Any CPU.ActiveCfg = Debug|Any CPU
		{80639726-2076-43AA-A86D-222B82B164BD}.Debug|Any CPU.Build.0 = Debug|Any CPU
		{80639726-2076-43AA-A86D-222B82B164BD}.DVD-5|Any CPU.ActiveCfg = Debug|Any CPU
		{80639726-2076-43AA-A86D-222B82B164BD}.DVD-5|Any CPU.Build.0 = Debug|Any CPU
		{80639726-2076-43AA-A86D-222B82B164BD}.Release|Any CPU.ActiveCfg = Release|Any CPU
		{80639726-2076-43AA-A86D-222B82B164BD}.Release|Any CPU.Build.0 = Release|Any CPU
		{80639726-2076-43AA-A86D-222B82B164BD}.SingleImage|Any CPU.ActiveCfg = Release|Any CPU
		{80639726-2076-43AA-A86D-222B82B164BD}.SingleImage|Any CPU.Build.0 = Release|Any CPU
		{C2CA566C-CEB0-4B44-8C9E-B56189C7BC62}.CD_ROM|Any CPU.ActiveCfg = Release|Any CPU
		{C2CA566C-CEB0-4B44-8C9E-B56189C7BC62}.CD_ROM|Any CPU.Build.0 = Release|Any CPU
		{C2CA566C-CEB0-4B44-8C9E-B56189C7BC62}.Debug|Any CPU.ActiveCfg = Debug|Any CPU
		{C2CA566C-CEB0-4B44-8C9E-B56189C7BC62}.Debug|Any CPU.Build.0 = Debug|Any CPU
		{C2CA566C-CEB0-4B44-8C9E-B56189C7BC62}.DVD-5|Any CPU.ActiveCfg = Debug|Any CPU
		{C2CA566C-CEB0-4B44-8C9E-B56189C7BC62}.DVD-5|Any CPU.Build.0 = Debug|Any CPU
		{C2CA566C-CEB0-4B44-8C9E-B56189C7BC62}.Release|Any CPU.ActiveCfg = Release|Any CPU
		{C2CA566C-CEB0-4B44-8C9E-B56189C7BC62}.Release|Any CPU.Build.0 = Release|Any CPU
		{C2CA566C-CEB0-4B44-8C9E-B56189C7BC62}.SingleImage|Any CPU.ActiveCfg = Release|Any CPU
		{C2CA566C-CEB0-4B44-8C9E-B56189C7BC62}.SingleImage|Any CPU.Build.0 = Release|Any CPU
		{2A7F6D28-D87C-4487-853A-8FB78514D750}.CD_ROM|Any CPU.ActiveCfg = Release
		{2A7F6D28-D87C-4487-853A-8FB78514D750}.Debug|Any CPU.ActiveCfg = Debug
		{2A7F6D28-D87C-4487-853A-8FB78514D750}.DVD-5|Any CPU.ActiveCfg = Debug
		{2A7F6D28-D87C-4487-853A-8FB78514D750}.Release|Any CPU.ActiveCfg = Release
		{2A7F6D28-D87C-4487-853A-8FB78514D750}.SingleImage|Any CPU.ActiveCfg = Release
	EndGlobalSection
	GlobalSection(SolutionProperties) = preSolution
		HideSolutionNode = FALSE
	EndGlobalSection
EndGlobal
